
Microsoft Visual Studio Solution File, Format Version 12.00
# Visual Studio Version 17
VisualStudioVersion = 17.4.33110.190
MinimumVisualStudioVersion = 10.0.40219.1
Project("{FAE04EC0-301F-11D3-BF4B-00C04F79EFBC}") = "ERPGL", "ERPGL\ERPGL.csproj", "{E9BDCA7B-3695-4364-A5C1-6E54918A02AE}"
EndProject
Global
	GlobalSection(SolutionConfigurationPlatforms) = preSolution
		Debug|Any CPU = Debug|Any CPU
		Release|Any CPU = Release|Any CPU
	EndGlobalSection
	GlobalSection(ProjectConfigurationPlatforms) = postSolution
		{E9BDCA7B-3695-4364-A5C1-6E54918A02AE}.Debug|Any CPU.ActiveCfg = Debug|Any CPU
		{E9BDCA7B-3695-4364-A5C1-6E54918A02AE}.Debug|Any CPU.Build.0 = Debug|Any CPU
		{E9BDCA7B-3695-4364-A5C1-6E54918A02AE}.Release|Any CPU.ActiveCfg = Release|Any CPU
		{E9BDCA7B-3695-4364-A5C1-6E54918A02AE}.Release|Any CPU.Build.0 = Release|Any CPU
	EndGlobalSection
	GlobalSection(SolutionProperties) = preSolution
		HideSolutionNode = FALSE
	EndGlobalSection
	GlobalSection(ExtensibilityGlobals) = postSolution
		SolutionGuid = {42520E17-0B14-47B4-B19C-6DE6E53EAD24}
	EndGlobalSection
EndGlobal
